
Microsoft Visual Studio Solution File, Format Version 12.00
# Visual Studio Version 17
VisualStudioVersion = 17.11.35312.102
MinimumVisualStudioVersion = 10.0.40219.1
Project("{FAE04EC0-301F-11D3-BF4B-00C04F79EFBC}") = "WinFormsApp1", "WinFormsApp1\WinFormsApp1.csproj", "{91041042-EA84-49D1-BF8F-04D487C5F5FD}"
EndProject
Global
	GlobalSection(SolutionConfigurationPlatforms) = preSolution
		Debug|Any CPU = Debug|Any CPU
		Release|Any CPU = Release|Any CPU
	EndGlobalSection
	GlobalSection(ProjectConfigurationPlatforms) = postSolution
		{91041042-EA84-49D1-BF8F-04D487C5F5FD}.Debug|Any CPU.ActiveCfg = Debug|Any CPU
		{91041042-EA84-49D1-BF8F-04D487C5F5FD}.Debug|Any CPU.Build.0 = Debug|Any CPU
		{91041042-EA84-49D1-BF8F-04D487C5F5FD}.Release|Any CPU.ActiveCfg = Release|Any CPU
		{91041042-EA84-49D1-BF8F-04D487C5F5FD}.Release|Any CPU.Build.0 = Release|Any CPU
	EndGlobalSection
	GlobalSection(SolutionProperties) = preSolution
		HideSolutionNode = FALSE
	EndGlobalSection
	GlobalSection(ExtensibilityGlobals) = postSolution
		SolutionGuid = {D42273C9-E986-48CB-BD59-CF56C4A49919}
	EndGlobalSection
EndGlobal
